
Microsoft Visual Studio Solution File, Format Version 12.00
# Visual Studio Version 16
VisualStudioVersion = 16.0.31624.102
MinimumVisualStudioVersion = 10.0.40219.1
Project("{9A19103F-16F7-4668-BE54-9A1E7A4F7556}") = "Leka", "Leka\Leka.csproj", "{83F87010-701B-4811-AA35-10DC24FA23E3}"
EndProject
Global
	GlobalSection(SolutionConfigurationPlatforms) = preSolution
		Debug|Any CPU = Debug|Any CPU
		Release|Any CPU = Release|Any CPU
	EndGlobalSection
	GlobalSection(ProjectConfigurationPlatforms) = postSolution
		{83F87010-701B-4811-AA35-10DC24FA23E3}.Debug|Any CPU.ActiveCfg = Debug|Any CPU
		{83F87010-701B-4811-AA35-10DC24FA23E3}.Debug|Any CPU.Build.0 = Debug|Any CPU
		{83F87010-701B-4811-AA35-10DC24FA23E3}.Release|Any CPU.ActiveCfg = Release|Any CPU
		{83F87010-701B-4811-AA35-10DC24FA23E3}.Release|Any CPU.Build.0 = Release|Any CPU
	EndGlobalSection
	GlobalSection(SolutionProperties) = preSolution
		HideSolutionNode = FALSE
	EndGlobalSection
	GlobalSection(ExtensibilityGlobals) = postSolution
		SolutionGuid = {56CF0EE1-2A63-4033-84D1-D1421E1CE951}
	EndGlobalSection
EndGlobal
